
Microsoft Visual Studio Solution File, Format Version 12.00
# Visual Studio Version 17
VisualStudioVersion = 17.5.33530.505
MinimumVisualStudioVersion = 10.0.40219.1
Project("{FAE04EC0-301F-11D3-BF4B-00C04F79EFBC}") = "SommatoreNumeriDispari", "SommatoreNumeriDispari.csproj", "{9E63E7DD-A271-4D93-B8D9-16B9F4071753}"
EndProject
Global
	GlobalSection(SolutionConfigurationPlatforms) = preSolution
		Debug|Any CPU = Debug|Any CPU
		Release|Any CPU = Release|Any CPU
	EndGlobalSection
	GlobalSection(ProjectConfigurationPlatforms) = postSolution
		{9E63E7DD-A271-4D93-B8D9-16B9F4071753}.Debug|Any CPU.ActiveCfg = Debug|Any CPU
		{9E63E7DD-A271-4D93-B8D9-16B9F4071753}.Debug|Any CPU.Build.0 = Debug|Any CPU
		{9E63E7DD-A271-4D93-B8D9-16B9F4071753}.Release|Any CPU.ActiveCfg = Release|Any CPU
		{9E63E7DD-A271-4D93-B8D9-16B9F4071753}.Release|Any CPU.Build.0 = Release|Any CPU
	EndGlobalSection
	GlobalSection(SolutionProperties) = preSolution
		HideSolutionNode = FALSE
	EndGlobalSection
	GlobalSection(ExtensibilityGlobals) = postSolution
		SolutionGuid = {7A7AE44A-8AEB-4411-B5F0-F08E09FD4570}
	EndGlobalSection
EndGlobal
